
Microsoft Visual Studio Solution File, Format Version 12.00
# Visual Studio Version 17
VisualStudioVersion = 17.3.32901.215
MinimumVisualStudioVersion = 10.0.40219.1
Project("{8BC9CEB8-8B4A-11D0-8D11-00A0C91BC942}") = "Задание 2.3", "ConsoleApplication1\ConsoleApplication1.vcxproj", "{CE7CE3A0-CE2A-44A8-B47A-1528F69CB77F}"
EndProject
Project("{8BC9CEB8-8B4A-11D0-8D11-00A0C91BC942}") = "Задание 2.4", "Задание 2.4\Задание 2.4.vcxproj", "{2E1BEF17-CC3C-4054-93B0-4B108150E364}"
EndProject
Project("{8BC9CEB8-8B4A-11D0-8D11-00A0C91BC942}") = "Задание 2.5", "Задание 2.5\Задание 2.5.vcxproj", "{5F146819-E410-4B32-AC30-4C354B83D97F}"
EndProject
Project("{8BC9CEB8-8B4A-11D0-8D11-00A0C91BC942}") = "Задание 2.6", "Задание 2.6\Задание 2.6.vcxproj", "{5F16DA4E-4B81-41B9-B3F1-AF0D519A3D97}"
EndProject
Project("{8BC9CEB8-8B4A-11D0-8D11-00A0C91BC942}") = "Задание 2.7", "Задание 2.7\Задание 2.7.vcxproj", "{EACEB395-6FE9-434E-AF89-D26F785944A1}"
EndProject
Project("{8BC9CEB8-8B4A-11D0-8D11-00A0C91BC942}") = "Задание 2.8", "Задание 2.8\Задание 2.8.vcxproj", "{59FE3633-3BD3-491C-AE36-42F1370B529E}"
EndProject
Project("{8BC9CEB8-8B4A-11D0-8D11-00A0C91BC942}") = "Задание 2.9", "Задание 2.9\Задание 2.9.vcxproj", "{E86B25DD-A161-4FE8-8BA6-E7B12D3B22A3}"
EndProject
Global
	GlobalSection(SolutionConfigurationPlatforms) = preSolution
		Debug|x64 = Debug|x64
		Debug|x86 = Debug|x86
		Release|x64 = Release|x64
		Release|x86 = Release|x86
	EndGlobalSection
	GlobalSection(ProjectConfigurationPlatforms) = postSolution
		{CE7CE3A0-CE2A-44A8-B47A-1528F69CB77F}.Debug|x64.ActiveCfg = Debug|x64
		{CE7CE3A0-CE2A-44A8-B47A-1528F69CB77F}.Debug|x64.Build.0 = Debug|x64
		{CE7CE3A0-CE2A-44A8-B47A-1528F69CB77F}.Debug|x86.ActiveCfg = Debug|Win32
		{CE7CE3A0-CE2A-44A8-B47A-1528F69CB77F}.Debug|x86.Build.0 = Debug|Win32
		{CE7CE3A0-CE2A-44A8-B47A-1528F69CB77F}.Release|x64.ActiveCfg = Release|x64
		{CE7CE3A0-CE2A-44A8-B47A-1528F69CB77F}.Release|x64.Build.0 = Release|x64
		{CE7CE3A0-CE2A-44A8-B47A-1528F69CB77F}.Release|x86.ActiveCfg = Release|Win32
		{CE7CE3A0-CE2A-44A8-B47A-1528F69CB77F}.Release|x86.Build.0 = Release|Win32
		{2E1BEF17-CC3C-4054-93B0-4B108150E364}.Debug|x64.ActiveCfg = Debug|x64
		{2E1BEF17-CC3C-4054-93B0-4B108150E364}.Debug|x64.Build.0 = Debug|x64
		{2E1BEF17-CC3C-4054-93B0-4B108150E364}.Debug|x86.ActiveCfg = Debug|Win32
		{2E1BEF17-CC3C-4054-93B0-4B108150E364}.Debug|x86.Build.0 = Debug|Win32
		{2E1BEF17-CC3C-4054-93B0-4B108150E364}.Release|x64.ActiveCfg = Release|x64
		{2E1BEF17-CC3C-4054-93B0-4B108150E364}.Release|x64.Build.0 = Release|x64
		{2E1BEF17-CC3C-4054-93B0-4B108150E364}.Release|x86.ActiveCfg = Release|Win32
		{2E1BEF17-CC3C-4054-93B0-4B108150E364}.Release|x86.Build.0 = Release|Win32
		{5F146819-E410-4B32-AC30-4C354B83D97F}.Debug|x64.ActiveCfg = Debug|x64
		{5F146819-E410-4B32-AC30-4C354B83D97F}.Debug|x64.Build.0 = Debug|x64
		{5F146819-E410-4B32-AC30-4C354B83D97F}.Debug|x86.ActiveCfg = Debug|Win32
		{5F146819-E410-4B32-AC30-4C354B83D97F}.Debug|x86.Build.0 = Debug|Win32
		{5F146819-E410-4B32-AC30-4C354B83D97F}.Release|x64.ActiveCfg = Release|x64
		{5F146819-E410-4B32-AC30-4C354B83D97F}.Release|x64.Build.0 = Release|x64
		{5F146819-E410-4B32-AC30-4C354B83D97F}.Release|x86.ActiveCfg = Release|Win32
		{5F146819-E410-4B32-AC30-4C354B83D97F}.Release|x86.Build.0 = Release|Win32
		{5F16DA4E-4B81-41B9-B3F1-AF0D519A3D97}.Debug|x64.ActiveCfg = Debug|x64
		{5F16DA4E-4B81-41B9-B3F1-AF0D519A3D97}.Debug|x64.Build.0 = Debug|x64
		{5F16DA4E-4B81-41B9-B3F1-AF0D519A3D97}.Debug|x86.ActiveCfg = Debug|Win32
		{5F16DA4E-4B81-41B9-B3F1-AF0D519A3D97}.Debug|x86.Build.0 = Debug|Win32
		{5F16DA4E-4B81-41B9-B3F1-AF0D519A3D97}.Release|x64.ActiveCfg = Release|x64
		{5F16DA4E-4B81-41B9-B3F1-AF0D519A3D97}.Release|x64.Build.0 = Release|x64
		{5F16DA4E-4B81-41B9-B3F1-AF0D519A3D97}.Release|x86.ActiveCfg = Release|Win32
		{5F16DA4E-4B81-41B9-B3F1-AF0D519A3D97}.Release|x86.Build.0 = Release|Win32
		{EACEB395-6FE9-434E-AF89-D26F785944A1}.Debug|x64.ActiveCfg = Debug|x64
		{EACEB395-6FE9-434E-AF89-D26F785944A1}.Debug|x64.Build.0 = Debug|x64
		{EACEB395-6FE9-434E-AF89-D26F785944A1}.Debug|x86.ActiveCfg = Debug|Win32
		{EACEB395-6FE9-434E-AF89-D26F785944A1}.Debug|x86.Build.0 = Debug|Win32
		{EACEB395-6FE9-434E-AF89-D26F785944A1}.Release|x64.ActiveCfg = Release|x64
		{EACEB395-6FE9-434E-AF89-D26F785944A1}.Release|x64.Build.0 = Release|x64
		{EACEB395-6FE9-434E-AF89-D26F785944A1}.Release|x86.ActiveCfg = Release|Win32
		{EACEB395-6FE9-434E-AF89-D26F785944A1}.Release|x86.Build.0 = Release|Win32
		{59FE3633-3BD3-491C-AE36-42F1370B529E}.Debug|x64.ActiveCfg = Debug|x64
		{59FE3633-3BD3-491C-AE36-42F1370B529E}.Debug|x64.Build.0 = Debug|x64
		{59FE3633-3BD3-491C-AE36-42F1370B529E}.Debug|x86.ActiveCfg = Debug|Win32
		{59FE3633-3BD3-491C-AE36-42F1370B529E}.Debug|x86.Build.0 = Debug|Win32
		{59FE3633-3BD3-491C-AE36-42F1370B529E}.Release|x64.ActiveCfg = Release|x64
		{59FE3633-3BD3-491C-AE36-42F1370B529E}.Release|x64.Build.0 = Release|x64
		{59FE3633-3BD3-491C-AE36-42F1370B529E}.Release|x86.ActiveCfg = Release|Win32
		{59FE3633-3BD3-491C-AE36-42F1370B529E}.Release|x86.Build.0 = Release|Win32
		{E86B25DD-A161-4FE8-8BA6-E7B12D3B22A3}.Debug|x64.ActiveCfg = Debug|x64
		{E86B25DD-A161-4FE8-8BA6-E7B12D3B22A3}.Debug|x64.Build.0 = Debug|x64
		{E86B25DD-A161-4FE8-8BA6-E7B12D3B22A3}.Debug|x86.ActiveCfg = Debug|Win32
		{E86B25DD-A161-4FE8-8BA6-E7B12D3B22A3}.Debug|x86.Build.0 = Debug|Win32
		{E86B25DD-A161-4FE8-8BA6-E7B12D3B22A3}.Release|x64.ActiveCfg = Release|x64
		{E86B25DD-A161-4FE8-8BA6-E7B12D3B22A3}.Release|x64.Build.0 = Release|x64
		{E86B25DD-A161-4FE8-8BA6-E7B12D3B22A3}.Release|x86.ActiveCfg = Release|Win32
		{E86B25DD-A161-4FE8-8BA6-E7B12D3B22A3}.Release|x86.Build.0 = Release|Win32
	EndGlobalSection
	GlobalSection(SolutionProperties) = preSolution
		HideSolutionNode = FALSE
	EndGlobalSection
	GlobalSection(ExtensibilityGlobals) = postSolution
		SolutionGuid = {F2BB7138-C9BF-4E87-BC56-56907E0545EB}
	EndGlobalSection
EndGlobal
